lockfileVersion: '9.0'

settings:
  autoInstallPeers: true
  excludeLinksFromLockfile: false

importers:

  .:
    dependencies:
      browser-use-sdk:
        specifier: 3.11.1
        version: 3.11.1

packages:

  browser-use-sdk@3.11.1:
    resolution: {integrity: sha512-OpEtX4t0Ueu9PQ1BVLTqeaoPYY1urNmS0veQ/un+gKykU2aJJ9YQpw24Jjjgbd1lS5wzJpUGjeJyMCo7vY9pKg==}
    peerDependencies:
      '@x402/evm': ^2.20.0
      '@x402/fetch': ^2.20.0
      viem: ^2.55.10
    peerDependenciesMeta:
      '@x402/evm':
        optional: true
      '@x402/fetch':
        optional: true
      viem:
        optional: true

  dotenv@17.4.2:
    resolution: {integrity: sha512-nI4U3TottKAcAD9LLud4Cb7b2QztQMUEfHbvhTH09bqXTxnSie8WnjPALV/WMCrJZ6UV/qHJ6L03OqO3LcdYZw==}
    engines: {node: '>=12'}

  zod@4.4.3:
    resolution: {integrity: sha512-ytENFjIJFl2UwYglde2jchW2Hwm4GJFLDiSXWdTrJQBIN9Fcyp7n4DhxJEiWNAJMV1/BqWfW/kkg71UDcHJyTQ==}

snapshots:

  browser-use-sdk@3.11.1:
    dependencies:
      dotenv: 17.4.2
      zod: 4.4.3

  dotenv@17.4.2: {}

  zod@4.4.3: {}
